{
	"name": "html-preview-language-server",
	"version": "1.0.0",
	"lockfileVersion": 1,
	"requires": true,
	"dependencies": {
		"@types/node": {
			"version": "12.6.9",
			"resolved": "https://registry.npmjs.org/@types/node/-/node-12.6.9.tgz",
			"integrity": "sha512-+YB9FtyxXGyD54p8rXwWaN1EWEyar5L58GlGWgtH2I9rGmLGBQcw63+0jw+ujqVavNuO47S1ByAjm9zdHMnskw==",
			"dev": true
		},
		"@types/ws": {
			"version": "6.0.2",
			"resolved": "https://registry.npmjs.org/@types/ws/-/ws-6.0.2.tgz",
			"integrity": "sha512-22XiR1ox9LftTaAtn/c5JCninwc7moaqbkJfaDUb7PkaUitcf5vbTZHdq9dxSMviCm9C3W85rzB8e6yNR70apQ==",
			"dev": true,
			"requires": {
				"@types/node": "*"
			}
		},
		"async-limiter": {
			"version": "1.0.1",
			"resolved": "https://registry.npmjs.org/async-limiter/-/async-limiter-1.0.1.tgz",
			"integrity": "sha512-csOlWGAcRFJaI6m+F2WKdnMKr4HhdhFVBk0H/QbJFMCr+uO2kwohwXQPxw/9OCxp05r5ghVBFSyioixx3gfkNQ=="
		},
		"vscode-jsonrpc": {
			"version": "4.1.0-next.2",
			"resolved": "https://registry.npmjs.org/vscode-jsonrpc/-/vscode-jsonrpc-4.1.0-next.2.tgz",
			"integrity": "sha512-GsBLjP9DxQ42yl1mW9GEIlnSc0+R8mfzhaebwmmTPEJjezD5SPoAo3DFrIAFZha9yvQ1nzZfZlhtVpGQmgxtXg=="
		},
		"vscode-languageserver": {
			"version": "5.3.0-next.8",
			"resolved": "https://registry.npmjs.org/vscode-languageserver/-/vscode-languageserver-5.3.0-next.8.tgz",
			"integrity": "sha512-6vUb96wsRfrFqndril3gct/FBCSc24OxFZ2iz7kuEuXvLaIcEVOcSZIqQK8oFN7PdbAIaa9nnIpKSy4Yd15cIw==",
			"requires": {
				"vscode-languageserver-protocol": "^3.15.0-next.6",
				"vscode-textbuffer": "^1.0.0",
				"vscode-uri": "^1.0.6"
			}
		},
		"vscode-languageserver-protocol": {
			"version": "3.15.0-next.6",
			"resolved": "https://registry.npmjs.org/vscode-languageserver-protocol/-/vscode-languageserver-protocol-3.15.0-next.6.tgz",
			"integrity": "sha512-/yDpYlWyNs26mM23mT73xmOFsh1iRfgZfBdHmfAxwDKwpQKLoOSqVidtYfxlK/pD3IEKGcAVnT4WXTsguxxAMQ==",
			"requires": {
				"vscode-jsonrpc": "^4.1.0-next.2",
				"vscode-languageserver-types": "^3.15.0-next.2"
			}
		},
		"vscode-languageserver-types": {
			"version": "3.15.0-next.2",
			"resolved": "https://registry.npmjs.org/vscode-languageserver-types/-/vscode-languageserver-types-3.15.0-next.2.tgz",
			"integrity": "sha512-2JkrMWWUi2rlVLSo9OFR2PIGUzdiowEM8NgNYiwLKnXTjpwpjjIrJbNNxDik7Rv4oo9KtikcFQZKXbrKilL/MQ=="
		},
		"vscode-textbuffer": {
			"version": "1.0.0",
			"resolved": "https://registry.npmjs.org/vscode-textbuffer/-/vscode-textbuffer-1.0.0.tgz",
			"integrity": "sha512-zPaHo4urgpwsm+PrJWfNakolRpryNja18SUip/qIIsfhuEqEIPEXMxHOlFPjvDC4JgTaimkncNW7UMXRJTY6ow=="
		},
		"vscode-uri": {
			"version": "1.0.8",
			"resolved": "https://registry.npmjs.org/vscode-uri/-/vscode-uri-1.0.8.tgz",
			"integrity": "sha512-obtSWTlbJ+a+TFRYGaUumtVwb+InIUVI0Lu0VBUAPmj2cU5JutEXg3xUE0c2J5Tcy7h2DEKVJBFi+Y9ZSFzzPQ=="
		},
		"ws": {
			"version": "7.1.1",
			"resolved": "https://registry.npmjs.org/ws/-/ws-7.1.1.tgz",
			"integrity": "sha512-o41D/WmDeca0BqYhsr3nJzQyg9NF5X8l/UdnFNux9cS3lwB+swm8qGWX5rn+aD6xfBU3rGmtHij7g7x6LxFU3A==",
			"requires": {
				"async-limiter": "^1.0.0"
			}
		}
	}
}
