{
	"name": "html-preview-service-node",
	"version": "0.0.0-development",
	"lockfileVersion": 1,
	"requires": true,
	"dependencies": {
		"@types/event-stream": {
			"version": "3.3.34",
			"resolved": "https://registry.npmjs.org/@types/event-stream/-/event-stream-3.3.34.tgz",
			"integrity": "sha512-LLiivgWKii4JeMzFy3trrxqkRrVSdue8WmbXyHuSJLwNrhIQU5MTrc65jhxEPwMyh5HR1xevSdD+k2nnSRKw9g==",
			"dev": true,
			"requires": {
				"@types/node": "*"
			}
		},
		"@types/mime": {
			"version": "2.0.1",
			"resolved": "https://registry.npmjs.org/@types/mime/-/mime-2.0.1.tgz",
			"integrity": "sha512-FwI9gX75FgVBJ7ywgnq/P7tw+/o1GUbtP0KzbtusLigAOgIgNISRK0ZPl4qertvXSIE8YbsVJueQ90cDt9YYyw==",
			"dev": true
		},
		"@types/node": {
			"version": "12.12.6",
			"resolved": "https://registry.npmjs.org/@types/node/-/node-12.12.6.tgz",
			"integrity": "sha512-FjsYUPzEJdGXjwKqSpE0/9QEh6kzhTAeObA54rn6j3rR4C/mzpI9L0KNfoeASSPMMdxIsoJuCLDWcM/rVjIsSA==",
			"dev": true
		},
		"@types/send": {
			"version": "0.14.5",
			"resolved": "https://registry.npmjs.org/@types/send/-/send-0.14.5.tgz",
			"integrity": "sha512-0mwoiK3DXXBu0GIfo+jBv4Wo5s1AcsxdpdwNUtflKm99VEMvmBPJ+/NBNRZy2R5JEYfWL/u4nAHuTUTA3wFecQ==",
			"dev": true,
			"requires": {
				"@types/mime": "*",
				"@types/node": "*"
			}
		},
		"@types/ws": {
			"version": "6.0.3",
			"resolved": "https://registry.npmjs.org/@types/ws/-/ws-6.0.3.tgz",
			"integrity": "sha512-yBTM0P05Tx9iXGq00BbJPo37ox68R5vaGTXivs6RGh/BQ6QP5zqZDGWdAO6JbRE/iR1l80xeGAwCQS2nMV9S/w==",
			"dev": true,
			"requires": {
				"@types/node": "*"
			}
		},
		"async-limiter": {
			"version": "1.0.1",
			"resolved": "https://registry.npmjs.org/async-limiter/-/async-limiter-1.0.1.tgz",
			"integrity": "sha512-csOlWGAcRFJaI6m+F2WKdnMKr4HhdhFVBk0H/QbJFMCr+uO2kwohwXQPxw/9OCxp05r5ghVBFSyioixx3gfkNQ=="
		},
		"debug": {
			"version": "2.6.9",
			"resolved": "https://registry.npmjs.org/debug/-/debug-2.6.9.tgz",
			"integrity": "sha512-bC7ElrdJaJnPbAP+1EotYvqZsb3ecl5wi6Bfi6BJTUcNowp6cvspg0jXznRTKDjm/E7AdgFBVeAPVMNcKGsHMA==",
			"requires": {
				"ms": "2.0.0"
			},
			"dependencies": {
				"ms": {
					"version": "2.0.0",
					"resolved": "https://registry.npmjs.org/ms/-/ms-2.0.0.tgz",
					"integrity": "sha1-VgiurfwAvmwpAd9fmGF4jeDVl8g="
				}
			}
		},
		"depd": {
			"version": "1.1.2",
			"resolved": "https://registry.npmjs.org/depd/-/depd-1.1.2.tgz",
			"integrity": "sha1-m81S4UwJd2PnSbJ0xDRu0uVgtak="
		},
		"destroy": {
			"version": "1.0.4",
			"resolved": "https://registry.npmjs.org/destroy/-/destroy-1.0.4.tgz",
			"integrity": "sha1-l4hXRCxEdJ5CBmE+N5RiBYJqvYA="
		},
		"duplexer": {
			"version": "0.1.1",
			"resolved": "https://registry.npmjs.org/duplexer/-/duplexer-0.1.1.tgz",
			"integrity": "sha1-rOb/gIwc5mtX0ev5eXessCM0z8E="
		},
		"ee-first": {
			"version": "1.1.1",
			"resolved": "https://registry.npmjs.org/ee-first/-/ee-first-1.1.1.tgz",
			"integrity": "sha1-WQxhFWsK4vTwJVcyoViyZrxWsh0="
		},
		"encodeurl": {
			"version": "1.0.2",
			"resolved": "https://registry.npmjs.org/encodeurl/-/encodeurl-1.0.2.tgz",
			"integrity": "sha1-rT/0yG7C0CkyL1oCw6mmBslbP1k="
		},
		"escape-html": {
			"version": "1.0.3",
			"resolved": "https://registry.npmjs.org/escape-html/-/escape-html-1.0.3.tgz",
			"integrity": "sha1-Aljq5NPQwJdN4cFpGI7wBR0dGYg="
		},
		"etag": {
			"version": "1.8.1",
			"resolved": "https://registry.npmjs.org/etag/-/etag-1.8.1.tgz",
			"integrity": "sha1-Qa4u62XvpiJorr/qg6x9eSmbCIc="
		},
		"event-stream": {
			"version": "4.0.1",
			"resolved": "https://registry.npmjs.org/event-stream/-/event-stream-4.0.1.tgz",
			"integrity": "sha512-qACXdu/9VHPBzcyhdOWR5/IahhGMf0roTeZJfzz077GwylcDd90yOHLouhmv7GJ5XzPi6ekaQWd8AvPP2nOvpA==",
			"requires": {
				"duplexer": "^0.1.1",
				"from": "^0.1.7",
				"map-stream": "0.0.7",
				"pause-stream": "^0.0.11",
				"split": "^1.0.1",
				"stream-combiner": "^0.2.2",
				"through": "^2.3.8"
			}
		},
		"fresh": {
			"version": "0.5.2",
			"resolved": "https://registry.npmjs.org/fresh/-/fresh-0.5.2.tgz",
			"integrity": "sha1-PYyt2Q2XZWn6g1qx+OSyOhBWBac="
		},
		"from": {
			"version": "0.1.7",
			"resolved": "https://registry.npmjs.org/from/-/from-0.1.7.tgz",
			"integrity": "sha1-g8YK/Fi5xWmXAH7Rp2izqzA6RP4="
		},
		"http-errors": {
			"version": "1.7.3",
			"resolved": "https://registry.npmjs.org/http-errors/-/http-errors-1.7.3.tgz",
			"integrity": "sha512-ZTTX0MWrsQ2ZAhA1cejAwDLycFsd7I7nVtnkT3Ol0aqodaKW+0CTZDQ1uBv5whptCnc8e8HeRRJxRs0kmm/Qfw==",
			"requires": {
				"depd": "~1.1.2",
				"inherits": "2.0.4",
				"setprototypeof": "1.1.1",
				"statuses": ">= 1.5.0 < 2",
				"toidentifier": "1.0.0"
			}
		},
		"inherits": {
			"version": "2.0.4",
			"resolved": "https://registry.npmjs.org/inherits/-/inherits-2.0.4.tgz",
			"integrity": "sha512-k/vGaX4/Yla3WzyMCvTQOXYeIHvqOKtnqBduzTHpzpQZzAskKMhZ2K+EnBiSM9zGSoIFeMpXKxa4dYeZIQqewQ=="
		},
		"is-wsl": {
			"version": "2.1.1",
			"resolved": "https://registry.npmjs.org/is-wsl/-/is-wsl-2.1.1.tgz",
			"integrity": "sha512-umZHcSrwlDHo2TGMXv0DZ8dIUGunZ2Iv68YZnrmCiBPkZ4aaOhtv7pXJKeki9k3qJ3RJr0cDyitcl5wEH3AYog=="
		},
		"map-stream": {
			"version": "0.0.7",
			"resolved": "https://registry.npmjs.org/map-stream/-/map-stream-0.0.7.tgz",
			"integrity": "sha1-ih8HiW2CsQkmvTdEokIACfiJdKg="
		},
		"mime": {
			"version": "1.6.0",
			"resolved": "https://registry.npmjs.org/mime/-/mime-1.6.0.tgz",
			"integrity": "sha512-x0Vn8spI+wuJ1O6S7gnbaQg8Pxh4NNHb7KSINmEWKiPE4RKOplvijn+NkmYmmRgP68mc70j2EbeTFRsrswaQeg=="
		},
		"ms": {
			"version": "2.1.1",
			"resolved": "https://registry.npmjs.org/ms/-/ms-2.1.1.tgz",
			"integrity": "sha512-tgp+dl5cGk28utYktBsrFqA7HKgrhgPsg6Z/EfhWI4gl1Hwq8B/GmY/0oXZ6nF8hDVesS/FpnYaD/kOWhYQvyg=="
		},
		"on-finished": {
			"version": "2.3.0",
			"resolved": "https://registry.npmjs.org/on-finished/-/on-finished-2.3.0.tgz",
			"integrity": "sha1-IPEzZIGwg811M3mSoWlxqi2QaUc=",
			"requires": {
				"ee-first": "1.1.1"
			}
		},
		"open": {
			"version": "7.0.0",
			"resolved": "https://registry.npmjs.org/open/-/open-7.0.0.tgz",
			"integrity": "sha512-K6EKzYqnwQzk+/dzJAQSBORub3xlBTxMz+ntpZpH/LyCa1o6KjXhuN+2npAaI9jaSmU3R1Q8NWf4KUWcyytGsQ==",
			"requires": {
				"is-wsl": "^2.1.0"
			}
		},
		"pause-stream": {
			"version": "0.0.11",
			"resolved": "https://registry.npmjs.org/pause-stream/-/pause-stream-0.0.11.tgz",
			"integrity": "sha1-/lo0sMvOErWqaitAPuLnO2AvFEU=",
			"requires": {
				"through": "~2.3"
			}
		},
		"range-parser": {
			"version": "1.2.1",
			"resolved": "https://registry.npmjs.org/range-parser/-/range-parser-1.2.1.tgz",
			"integrity": "sha512-Hrgsx+orqoygnmhFbKaHE6c296J+HTAQXoxEF6gNupROmmGJRoyzfG3ccAveqCBrwr/2yxQ5BVd/GTl5agOwSg=="
		},
		"send": {
			"version": "0.17.1",
			"resolved": "https://registry.npmjs.org/send/-/send-0.17.1.tgz",
			"integrity": "sha512-BsVKsiGcQMFwT8UxypobUKyv7irCNRHk1T0G680vk88yf6LBByGcZJOTJCrTP2xVN6yI+XjPJcNuE3V4fT9sAg==",
			"requires": {
				"debug": "2.6.9",
				"depd": "~1.1.2",
				"destroy": "~1.0.4",
				"encodeurl": "~1.0.2",
				"escape-html": "~1.0.3",
				"etag": "~1.8.1",
				"fresh": "0.5.2",
				"http-errors": "~1.7.2",
				"mime": "1.6.0",
				"ms": "2.1.1",
				"on-finished": "~2.3.0",
				"range-parser": "~1.2.1",
				"statuses": "~1.5.0"
			}
		},
		"setprototypeof": {
			"version": "1.1.1",
			"resolved": "https://registry.npmjs.org/setprototypeof/-/setprototypeof-1.1.1.tgz",
			"integrity": "sha512-JvdAWfbXeIGaZ9cILp38HntZSFSo3mWg6xGcJJsd+d4aRMOqauag1C63dJfDw7OaMYwEbHMOxEZ1lqVRYP2OAw=="
		},
		"split": {
			"version": "1.0.1",
			"resolved": "https://registry.npmjs.org/split/-/split-1.0.1.tgz",
			"integrity": "sha512-mTyOoPbrivtXnwnIxZRFYRrPNtEFKlpB2fvjSnCQUiAA6qAZzqwna5envK4uk6OIeP17CsdF3rSBGYVBsU0Tkg==",
			"requires": {
				"through": "2"
			}
		},
		"statuses": {
			"version": "1.5.0",
			"resolved": "https://registry.npmjs.org/statuses/-/statuses-1.5.0.tgz",
			"integrity": "sha1-Fhx9rBd2Wf2YEfQ3cfqZOBR4Yow="
		},
		"stream-combiner": {
			"version": "0.2.2",
			"resolved": "https://registry.npmjs.org/stream-combiner/-/stream-combiner-0.2.2.tgz",
			"integrity": "sha1-rsjLrBd7Vrb0+kec7YwZEs7lKFg=",
			"requires": {
				"duplexer": "~0.1.1",
				"through": "~2.3.4"
			}
		},
		"through": {
			"version": "2.3.8",
			"resolved": "https://registry.npmjs.org/through/-/through-2.3.8.tgz",
			"integrity": "sha1-DdTJ/6q8NXlgsbckEV1+Doai4fU="
		},
		"toidentifier": {
			"version": "1.0.0",
			"resolved": "https://registry.npmjs.org/toidentifier/-/toidentifier-1.0.0.tgz",
			"integrity": "sha512-yaOH/Pk/VEhBWWTlhI+qXxDFXlejDGcQipMlyxda9nthulaxLZUNcUqFxokp0vcYnvteJln5FNQDRrxj3YcbVw=="
		},
		"ws": {
			"version": "7.2.0",
			"resolved": "https://registry.npmjs.org/ws/-/ws-7.2.0.tgz",
			"integrity": "sha512-+SqNqFbwTm/0DC18KYzIsMTnEWpLwJsiasW/O17la4iDRRIO9uaHbvKiAS3AHgTiuuWerK/brj4O6MYZkei9xg==",
			"requires": {
				"async-limiter": "^1.0.0"
			}
		}
	}
}
