{
  "name": "html-preview-service",
  "version": "0.0.0-development",
  "lockfileVersion": 2,
  "requires": true,
  "packages": {
    "": {
      "name": "html-preview-service",
      "version": "0.0.0-development",
      "dependencies": {
        "virtual-dom": "file:../virtual-dom"
      }
    },
    "../virtual-dom": {
      "version": "0.0.0-development",
      "dependencies": {
        "escape-html": "^1.0.3"
      },
      "devDependencies": {
        "@babel/node": "^7.8.7",
        "@types/escape-html": "^1.0.0",
        "@types/jest": "^25.2.3",
        "jest": "^26.0.1",
        "ts-jest": "^26.0.0",
        "ts-node": "^8.10.1"
      }
    },
    "node_modules/virtual-dom": {
      "resolved": "../virtual-dom",
      "link": true
    }
  },
  "dependencies": {
    "virtual-dom": {
      "version": "file:../virtual-dom",
      "requires": {
        "@babel/node": "^7.8.7",
        "@types/escape-html": "^1.0.0",
        "@types/jest": "^25.2.3",
        "escape-html": "^1.0.3",
        "jest": "^26.0.1",
        "ts-jest": "^26.0.0",
        "ts-node": "^8.10.1"
      }
    }
  }
}
