{
	"name": "html-preview-service",
	"version": "0.0.0-development",
	"lockfileVersion": 1,
	"requires": true,
	"dependencies": {
		"@types/mime": {
			"version": "2.0.1",
			"resolved": "https://registry.npmjs.org/@types/mime/-/mime-2.0.1.tgz",
			"integrity": "sha512-FwI9gX75FgVBJ7ywgnq/P7tw+/o1GUbtP0KzbtusLigAOgIgNISRK0ZPl4qertvXSIE8YbsVJueQ90cDt9YYyw==",
			"dev": true
		},
		"@types/mime-types": {
			"version": "2.1.0",
			"resolved": "https://registry.npmjs.org/@types/mime-types/-/mime-types-2.1.0.tgz",
			"integrity": "sha1-nKUs2jY/aZxpRmwqbM2q2RPqenM=",
			"dev": true
		},
		"@types/node": {
			"version": "12.6.9",
			"resolved": "https://registry.npmjs.org/@types/node/-/node-12.6.9.tgz",
			"integrity": "sha512-+YB9FtyxXGyD54p8rXwWaN1EWEyar5L58GlGWgtH2I9rGmLGBQcw63+0jw+ujqVavNuO47S1ByAjm9zdHMnskw==",
			"dev": true
		},
		"@types/ws": {
			"version": "6.0.2",
			"resolved": "https://registry.npmjs.org/@types/ws/-/ws-6.0.2.tgz",
			"integrity": "sha512-22XiR1ox9LftTaAtn/c5JCninwc7moaqbkJfaDUb7PkaUitcf5vbTZHdq9dxSMviCm9C3W85rzB8e6yNR70apQ==",
			"dev": true,
			"requires": {
				"@types/node": "*"
			}
		},
		"async-limiter": {
			"version": "1.0.1",
			"resolved": "https://registry.npmjs.org/async-limiter/-/async-limiter-1.0.1.tgz",
			"integrity": "sha512-csOlWGAcRFJaI6m+F2WKdnMKr4HhdhFVBk0H/QbJFMCr+uO2kwohwXQPxw/9OCxp05r5ghVBFSyioixx3gfkNQ=="
		},
		"is-wsl": {
			"version": "1.1.0",
			"resolved": "https://registry.npmjs.org/is-wsl/-/is-wsl-1.1.0.tgz",
			"integrity": "sha1-HxbkqiKwTRM2tmGIpmrzxgDDpm0="
		},
		"mime": {
			"version": "2.4.4",
			"resolved": "https://registry.npmjs.org/mime/-/mime-2.4.4.tgz",
			"integrity": "sha512-LRxmNwziLPT828z+4YkNzloCFC2YM4wrB99k+AV5ZbEyfGNWfG8SO1FUXLmLDBSo89NrJZ4DIWeLjy1CHGhMGA=="
		},
		"mime-db": {
			"version": "1.40.0",
			"resolved": "https://registry.npmjs.org/mime-db/-/mime-db-1.40.0.tgz",
			"integrity": "sha512-jYdeOMPy9vnxEqFRRo6ZvTZ8d9oPb+k18PKoYNYUe2stVEBPPwsln/qWzdbmaIvnhZ9v2P+CuecK+fpUfsV2mA=="
		},
		"mime-types": {
			"version": "2.1.24",
			"resolved": "https://registry.npmjs.org/mime-types/-/mime-types-2.1.24.tgz",
			"integrity": "sha512-WaFHS3MCl5fapm3oLxU4eYDw77IQM2ACcxQ9RIxfaC3ooc6PFuBMGZZsYpvoXS5D5QTWPieo1jjLdAm3TBP3cQ==",
			"requires": {
				"mime-db": "1.40.0"
			}
		},
		"open": {
			"version": "6.4.0",
			"resolved": "https://registry.npmjs.org/open/-/open-6.4.0.tgz",
			"integrity": "sha512-IFenVPgF70fSm1keSd2iDBIDIBZkroLeuffXq+wKTzTJlBpesFWojV9lb8mzOfaAzM1sr7HQHuO0vtV0zYekGg==",
			"requires": {
				"is-wsl": "^1.1.0"
			}
		},
		"ws": {
			"version": "7.1.1",
			"resolved": "https://registry.npmjs.org/ws/-/ws-7.1.1.tgz",
			"integrity": "sha512-o41D/WmDeca0BqYhsr3nJzQyg9NF5X8l/UdnFNux9cS3lwB+swm8qGWX5rn+aD6xfBU3rGmtHij7g7x6LxFU3A==",
			"requires": {
				"async-limiter": "^1.0.0"
			}
		}
	}
}
