{
  "name": "html-preview-service",
  "version": "0.0.0-development",
  "lockfileVersion": 3,
  "requires": true,
  "packages": {
    "": {
      "name": "html-preview-service",
      "version": "0.0.0-development",
      "dependencies": {
        "virtual-dom": "file:../virtual-dom"
      }
    },
    "node_modules/escape-html": {
      "version": "1.0.3",
      "resolved": "https://registry.npmjs.org/escape-html/-/escape-html-1.0.3.tgz",
      "integrity": "sha512-NiSupZ4OeuGwr68lGIeym/ksIZMJodUGOSCZ/FSnTxcrekbvqrgdUxlJOMpijaKZVjAJrWrGs/6Jy8OMuyj9ow=="
    },
    "node_modules/virtual-dom": {
      "version": "0.0.0-development",
      "resolved": "file:../virtual-dom",
      "dependencies": {
        "escape-html": "^1.0.3"
      }
    }
  }
}
