{
  "name": "html-preview-web",
  "version": "0.0.0-development",
  "lockfileVersion": 2,
  "requires": true,
  "packages": {
    "": {
      "name": "html-preview-web",
      "version": "0.0.0-development",
      "license": "MIT",
      "dependencies": {
        "html-preview-service": "file:../html-preview-service",
        "virtual-dom": "file:../virtual-dom"
      },
      "devDependencies": {
        "typescript": "^4.9.4"
      }
    },
    "../html-preview-service": {
      "version": "0.0.0-development",
      "dependencies": {
        "virtual-dom": "file:../virtual-dom"
      }
    },
    "../virtual-dom": {
      "version": "0.0.0-development",
      "dependencies": {
        "escape-html": "^1.0.3"
      },
      "devDependencies": {
        "@babel/node": "^7.8.7",
        "@types/escape-html": "^1.0.0",
        "@types/jest": "^25.2.3",
        "jest": "^26.0.1",
        "ts-jest": "^26.0.0",
        "ts-node": "^8.10.1"
      }
    },
    "node_modules/html-preview-service": {
      "resolved": "../html-preview-service",
      "link": true
    },
    "node_modules/typescript": {
      "version": "4.9.4",
      "resolved": "https://registry.npmjs.org/typescript/-/typescript-4.9.4.tgz",
      "integrity": "sha512-Uz+dTXYzxXXbsFpM86Wh3dKCxrQqUcVMxwU54orwlJjOpO3ao8L7j5lH+dWfTwgCwIuM9GQ2kvVotzYJMXTBZg==",
      "dev": true,
      "bin": {
        "tsc": "bin/tsc",
        "tsserver": "bin/tsserver"
      },
      "engines": {
        "node": ">=4.2.0"
      }
    },
    "node_modules/virtual-dom": {
      "resolved": "../virtual-dom",
      "link": true
    }
  },
  "dependencies": {
    "html-preview-service": {
      "version": "file:../html-preview-service",
      "requires": {
        "virtual-dom": "file:../virtual-dom"
      }
    },
    "typescript": {
      "version": "4.9.4",
      "resolved": "https://registry.npmjs.org/typescript/-/typescript-4.9.4.tgz",
      "integrity": "sha512-Uz+dTXYzxXXbsFpM86Wh3dKCxrQqUcVMxwU54orwlJjOpO3ao8L7j5lH+dWfTwgCwIuM9GQ2kvVotzYJMXTBZg==",
      "dev": true
    },
    "virtual-dom": {
      "version": "file:../virtual-dom",
      "requires": {
        "@babel/node": "^7.8.7",
        "@types/escape-html": "^1.0.0",
        "@types/jest": "^25.2.3",
        "escape-html": "^1.0.3",
        "jest": "^26.0.1",
        "ts-jest": "^26.0.0",
        "ts-node": "^8.10.1"
      }
    }
  }
}
