{
  "name": "html-preview-web",
  "version": "0.0.0-development",
  "lockfileVersion": 2,
  "requires": true,
  "packages": {
    "": {
      "name": "html-preview-web",
      "version": "0.0.0-development",
      "license": "MIT",
      "dependencies": {
        "html-preview-service": "file:../html-preview-service",
        "virtual-dom": "file:../virtual-dom"
      },
      "devDependencies": {}
    },
    "../html-preview-service": {
      "version": "0.0.0-development",
      "dependencies": {
        "virtual-dom": "file:../virtual-dom"
      }
    },
    "../virtual-dom": {
      "version": "0.0.0-development",
      "dependencies": {
        "escape-html": "^1.0.3"
      },
      "devDependencies": {
        "@babel/node": "^7.8.7",
        "@types/escape-html": "^1.0.2",
        "@types/jest": "^29.2.4",
        "jest": "^29.3.1",
        "ts-jest": "^29.0.3",
        "ts-node": "^10.9.1"
      }
    },
    "node_modules/html-preview-service": {
      "resolved": "../html-preview-service",
      "link": true
    },
    "node_modules/virtual-dom": {
      "resolved": "../virtual-dom",
      "link": true
    }
  },
  "dependencies": {
    "html-preview-service": {
      "version": "file:../html-preview-service",
      "requires": {
        "virtual-dom": "file:../virtual-dom"
      }
    },
    "virtual-dom": {
      "version": "file:../virtual-dom",
      "requires": {
        "@babel/node": "^7.8.7",
        "@types/escape-html": "^1.0.2",
        "@types/jest": "^29.2.4",
        "escape-html": "^1.0.3",
        "jest": "^29.3.1",
        "ts-jest": "^29.0.3",
        "ts-node": "^10.9.1"
      }
    }
  }
}
